
Microsoft Visual Studio Solution File, Format Version 12.00
# Visual Studio Version 16
VisualStudioVersion = 16.0.29424.173
MinimumVisualStudioVersion = 10.0.40219.1
Project("{FAE04EC0-301F-11D3-BF4B-00C04F79EFBC}") = "football", "football\football.csproj", "{F6E0BACA-1653-4964-9CFB-E7FD6229DEC6}"
EndProject
Project("{FAE04EC0-301F-11D3-BF4B-00C04F79EFBC}") = "Domain", "Domain\Domain.csproj", "{1A683C01-34C7-4972-9738-68CAE80EDAFD}"
EndProject
Project("{FAE04EC0-301F-11D3-BF4B-00C04F79EFBC}") = "FootBallForm", "FootBallForm\FootBallForm.csproj", "{81DC381D-50C0-4C53-99D5-0A8B6338C69B}"
EndProject
Global
	GlobalSection(SolutionConfigurationPlatforms) = preSolution
		Debug|Any CPU = Debug|Any CPU
		Release|Any CPU = Release|Any CPU
	EndGlobalSection
	GlobalSection(ProjectConfigurationPlatforms) = postSolution
		{F6E0BACA-1653-4964-9CFB-E7FD6229DEC6}.Debug|Any CPU.ActiveCfg = Debug|Any CPU
		{F6E0BACA-1653-4964-9CFB-E7FD6229DEC6}.Debug|Any CPU.Build.0 = Debug|Any CPU
		{F6E0BACA-1653-4964-9CFB-E7FD6229DEC6}.Release|Any CPU.ActiveCfg = Release|Any CPU
		{F6E0BACA-1653-4964-9CFB-E7FD6229DEC6}.Release|Any CPU.Build.0 = Release|Any CPU
		{1A683C01-34C7-4972-9738-68CAE80EDAFD}.Debug|Any CPU.ActiveCfg = Debug|Any CPU
		{1A683C01-34C7-4972-9738-68CAE80EDAFD}.Debug|Any CPU.Build.0 = Debug|Any CPU
		{1A683C01-34C7-4972-9738-68CAE80EDAFD}.Release|Any CPU.ActiveCfg = Release|Any CPU
		{1A683C01-34C7-4972-9738-68CAE80EDAFD}.Release|Any CPU.Build.0 = Release|Any CPU
		{81DC381D-50C0-4C53-99D5-0A8B6338C69B}.Debug|Any CPU.ActiveCfg = Debug|Any CPU
		{81DC381D-50C0-4C53-99D5-0A8B6338C69B}.Debug|Any CPU.Build.0 = Debug|Any CPU
		{81DC381D-50C0-4C53-99D5-0A8B6338C69B}.Release|Any CPU.ActiveCfg = Release|Any CPU
		{81DC381D-50C0-4C53-99D5-0A8B6338C69B}.Release|Any CPU.Build.0 = Release|Any CPU
	EndGlobalSection
	GlobalSection(SolutionProperties) = preSolution
		HideSolutionNode = FALSE
	EndGlobalSection
	GlobalSection(ExtensibilityGlobals) = postSolution
		SolutionGuid = {18915D31-D9B2-4096-B80B-B9BDB4B01361}
	EndGlobalSection
EndGlobal
